// !$*UTF8*$!
{
	archiveVersion = 1;
	classes = {
	};
	objectVersion = 77;
	objects = {

/* Begin PBXBuildFile section */
		03957DDC1AF43AC1371AC80C /* HistoryViewModelTests.swift in Sources */ = {isa = PBXBuildFile; fileRef = 2B794C4FCDC3253893C365AB /* HistoryViewModelTests.swift */; };
		08579081DC36E8CE4BF75D81 /* SnapshotTesting in Frameworks */ = {isa = PBXBuildFile; productRef = F942F12A281ABA96EF8FFA4D /* SnapshotTesting */; };
		0D82FB85309F585B25DFA19B /* ArcIndicatorView.swift in Sources */ = {isa = PBXBuildFile; fileRef = 08676595D1E00491EDB74DF5 /* ArcIndicatorView.swift */; };
		1420080C176B26B2E12FEE83 /* HistoryView.swift in Sources */ = {isa = PBXBuildFile; fileRef = A472F5E582548C05BBD1A751 /* HistoryView.swift */; };
		14FE980511237871E2644BEE /* BaselineApp.swift in Sources */ = {isa = PBXBuildFile; fileRef = 007A5A45919FF650EAB251AE /* BaselineApp.swift */; };
		179A4D608746808CFCE3A729 /* UnitConversionTests.swift in Sources */ = {isa = PBXBuildFile; fileRef = AB289EC0E5CC9756E1B62116 /* UnitConversionTests.swift */; };
		25952DDEC892809F909C7E92 /* NowView.swift in Sources */ = {isa = PBXBuildFile; fileRef = C209CE8946DB31F979041D1A /* NowView.swift */; };
		35C66FEFD87214B6320248ED /* DoubleExtensions.swift in Sources */ = {isa = PBXBuildFile; fileRef = 48CD5547B419BCE4B9D76860 /* DoubleExtensions.swift */; };
		35E604283BC457FB5A0DE9BC /* BodyMeasurementTests.swift in Sources */ = {isa = PBXBuildFile; fileRef = 4EE556EA34222636CEDC327C /* BodyMeasurementTests.swift */; };
		416BB9FECD67376B100EFFAC /* BaselineWidgets.appex in Embed Foundation Extensions */ = {isa = PBXBuildFile; fileRef = D25FD52DA7EFC4286FE7A191 /* BaselineWidgets.appex */; settings = {ATTRIBUTES = (RemoveHeadersOnCopy, ); }; };
		4F5996756FAB95C53E59DEFE /* WeighInViewModelTests.swift in Sources */ = {isa = PBXBuildFile; fileRef = 7C5711FD50AF3ED47B8906EC /* WeighInViewModelTests.swift */; };
		4FEB35F248ED1757BCA0DC3F /* NowViewModel.swift in Sources */ = {isa = PBXBuildFile; fileRef = 6E0B169BE6D18A1AF3E2C9B2 /* NowViewModel.swift */; };
		50C087ECEBE50B0D8B922A8A /* HistoryViewModel.swift in Sources */ = {isa = PBXBuildFile; fileRef = D02782E48D9542687519EF82 /* HistoryViewModel.swift */; };
		5B654C7068D6D55B1DBB7AC6 /* HistoryViewSnapshotTests.swift in Sources */ = {isa = PBXBuildFile; fileRef = 62D00EE3E15355487C97323A /* HistoryViewSnapshotTests.swift */; };
		6AC1FE662BB8374653D0EDD0 /* testNowView_DarkMode_iPhone13Pro.1.png in Resources */ = {isa = PBXBuildFile; fileRef = 259F301EF2210DEFF2801026 /* testNowView_DarkMode_iPhone13Pro.1.png */; };
		6D6219BA93D116415510FF64 /* NowViewSnapshotTests.swift in Sources */ = {isa = PBXBuildFile; fileRef = 2DD62082CE52C25DD0DC3AA5 /* NowViewSnapshotTests.swift */; };
		7F2647C6A3C1B0DE829C5847 /* WeightEntryTests.swift in Sources */ = {isa = PBXBuildFile; fileRef = F133F7888A7F42479BC2329D /* WeightEntryTests.swift */; };
		7F56CCBB22A690D800512F96 /* DateFormatting.swift in Sources */ = {isa = PBXBuildFile; fileRef = 90026F3A1D7167909BB75A33 /* DateFormatting.swift */; };
		905B4B275BC4613C047A33A6 /* SparklineView.swift in Sources */ = {isa = PBXBuildFile; fileRef = A1F7BB657D83894D1E5B4400 /* SparklineView.swift */; };
		9190571A252AD986B58681CA /* BodyMeasurement.swift in Sources */ = {isa = PBXBuildFile; fileRef = 5461EF15EB4C753A478FEA56 /* BodyMeasurement.swift */; };
		92B02A5AE4EBA1597947A801 /* UnitConversion.swift in Sources */ = {isa = PBXBuildFile; fileRef = 5A9525A1638C18453603A9F6 /* UnitConversion.swift */; };
		AE4F08FFC7E7366D526B7FE5 /* CadreTokens.swift in Sources */ = {isa = PBXBuildFile; fileRef = 9D4F5BD3681AD8577A6A3B0C /* CadreTokens.swift */; };
		B4B2BCBF2B921FC88D9E902D /* MeasurementType.swift in Sources */ = {isa = PBXBuildFile; fileRef = 7FB8FE60E06088A3CD2FDE17 /* MeasurementType.swift */; };
		B75C84191E094A7A6442247B /* SyncState.swift in Sources */ = {isa = PBXBuildFile; fileRef = F0FDF5DB2E481DF3A8881BD1 /* SyncState.swift */; };
		BB87D004E462B3E0D529401F /* testWeighInSheet_DarkMode_Default.1.png in Resources */ = {isa = PBXBuildFile; fileRef = E9A19626533DA8C2F89573FB /* testWeighInSheet_DarkMode_Default.1.png */; };
		BDA863FA90D638092A5D0806 /* BaselineWidgets.swift in Sources */ = {isa = PBXBuildFile; fileRef = 4CBC035387A8087081A7BDD0 /* BaselineWidgets.swift */; };
		CBF3C4E51A74CC2C2F9ABE89 /* InBodyScan.swift in Sources */ = {isa = PBXBuildFile; fileRef = 571F92A04B53A24504BBC6C2 /* InBodyScan.swift */; };
		CD47B6562AAE37739E2FADD0 /* BaselineTests.swift in Sources */ = {isa = PBXBuildFile; fileRef = 52A47437C87E1BCE8442A2FF /* BaselineTests.swift */; };
		D0394A7C2A7BFFD92369B3B1 /* WeightEntry.swift in Sources */ = {isa = PBXBuildFile; fileRef = 312ECD390BFC532EC10D9819 /* WeightEntry.swift */; };
		D3355A1D414FF7C657BCF5A7 /* WeighInViewModel.swift in Sources */ = {isa = PBXBuildFile; fileRef = B0811FC6CD17EB2AEBCECB45 /* WeighInViewModel.swift */; };
		E204F8619398C13BDEA27DB1 /* MainTabView.swift in Sources */ = {isa = PBXBuildFile; fileRef = 76B6D911AF8339B62A988B99 /* MainTabView.swift */; };
		E33DE75325B986802BA1D6C0 /* WeighInSheetSnapshotTests.swift in Sources */ = {isa = PBXBuildFile; fileRef = BD1E451642CE7498CD9B9C5F /* WeighInSheetSnapshotTests.swift */; };
		E3888989405060A77C5CAE6B /* NowViewModelTests.swift in Sources */ = {isa = PBXBuildFile; fileRef = 1AF6412F243C441BE0D8164E /* NowViewModelTests.swift */; };
		E9AE862F20C7238325BF97E0 /* WeighInSheet.swift in Sources */ = {isa = PBXBuildFile; fileRef = B3AFDA887F36DFDC283876B7 /* WeighInSheet.swift */; };
/* End PBXBuildFile section */

/* Begin PBXContainerItemProxy section */
		1DC2941B536D8272CF40DDD3 /* PBXContainerItemProxy */ = {
			isa = PBXContainerItemProxy;
			containerPortal = ECBDE9C9F1149470E25D1FAC /* Project object */;
			proxyType = 1;
			remoteGlobalIDString = 872B718151798DDC9EDF70E0;
			remoteInfo = Baseline;
		};
		507EA4D7E64B47E426245D40 /* PBXContainerItemProxy */ = {
			isa = PBXContainerItemProxy;
			containerPortal = ECBDE9C9F1149470E25D1FAC /* Project object */;
			proxyType = 1;
			remoteGlobalIDString = C8A5525A8054EE5FFAD88862;
			remoteInfo = BaselineWidgets;
		};
/* End PBXContainerItemProxy section */

/* Begin PBXCopyFilesBuildPhase section */
		7AB2F40439486DD0BB00D049 /* Embed Foundation Extensions */ = {
			isa = PBXCopyFilesBuildPhase;
			buildActionMask = 2147483647;
			dstPath = "";
			dstSubfolderSpec = 13;
			files = (
				416BB9FECD67376B100EFFAC /* BaselineWidgets.appex in Embed Foundation Extensions */,
			);
			name = "Embed Foundation Extensions";
			runOnlyForDeploymentPostprocessing = 0;
		};
/* End PBXCopyFilesBuildPhase section */

/* Begin PBXFileReference section */
		007A5A45919FF650EAB251AE /* BaselineApp.swift */ = {isa = PBXFileReference; lastKnownFileType = sourcecode.swift; path = BaselineApp.swift; sourceTree = "<group>"; };
		08676595D1E00491EDB74DF5 /* ArcIndicatorView.swift */ = {isa = PBXFileReference; lastKnownFileType = sourcecode.swift; path = ArcIndicatorView.swift; sourceTree = "<group>"; };
		1AF6412F243C441BE0D8164E /* NowViewModelTests.swift */ = {isa = PBXFileReference; lastKnownFileType = sourcecode.swift; path = NowViewModelTests.swift; sourceTree = "<group>"; };
		259F301EF2210DEFF2801026 /* testNowView_DarkMode_iPhone13Pro.1.png */ = {isa = PBXFileReference; lastKnownFileType = image.png; path = testNowView_DarkMode_iPhone13Pro.1.png; sourceTree = "<group>"; };
		2B794C4FCDC3253893C365AB /* HistoryViewModelTests.swift */ = {isa = PBXFileReference; lastKnownFileType = sourcecode.swift; path = HistoryViewModelTests.swift; sourceTree = "<group>"; };
		2DD62082CE52C25DD0DC3AA5 /* NowViewSnapshotTests.swift */ = {isa = PBXFileReference; lastKnownFileType = sourcecode.swift; path = NowViewSnapshotTests.swift; sourceTree = "<group>"; };
		312ECD390BFC532EC10D9819 /* WeightEntry.swift */ = {isa = PBXFileReference; lastKnownFileType = sourcecode.swift; path = WeightEntry.swift; sourceTree = "<group>"; };
		48CD5547B419BCE4B9D76860 /* DoubleExtensions.swift */ = {isa = PBXFileReference; lastKnownFileType = sourcecode.swift; path = DoubleExtensions.swift; sourceTree = "<group>"; };
		4CBC035387A8087081A7BDD0 /* BaselineWidgets.swift */ = {isa = PBXFileReference; lastKnownFileType = sourcecode.swift; path = BaselineWidgets.swift; sourceTree = "<group>"; };
		4EE556EA34222636CEDC327C /* BodyMeasurementTests.swift */ = {isa = PBXFileReference; lastKnownFileType = sourcecode.swift; path = BodyMeasurementTests.swift; sourceTree = "<group>"; };
		52A47437C87E1BCE8442A2FF /* BaselineTests.swift */ = {isa = PBXFileReference; lastKnownFileType = sourcecode.swift; path = BaselineTests.swift; sourceTree = "<group>"; };
		5461EF15EB4C753A478FEA56 /* BodyMeasurement.swift */ = {isa = PBXFileReference; lastKnownFileType = sourcecode.swift; path = BodyMeasurement.swift; sourceTree = "<group>"; };
		571F92A04B53A24504BBC6C2 /* InBodyScan.swift */ = {isa = PBXFileReference; lastKnownFileType = sourcecode.swift; path = InBodyScan.swift; sourceTree = "<group>"; };
		5A9525A1638C18453603A9F6 /* UnitConversion.swift */ = {isa = PBXFileReference; lastKnownFileType = sourcecode.swift; path = UnitConversion.swift; sourceTree = "<group>"; };
		62D00EE3E15355487C97323A /* HistoryViewSnapshotTests.swift */ = {isa = PBXFileReference; lastKnownFileType = sourcecode.swift; path = HistoryViewSnapshotTests.swift; sourceTree = "<group>"; };
		6C0783D23B036F0A996BD1E7 /* Info.plist */ = {isa = PBXFileReference; lastKnownFileType = text.plist; path = Info.plist; sourceTree = "<group>"; };
		6E0B169BE6D18A1AF3E2C9B2 /* NowViewModel.swift */ = {isa = PBXFileReference; lastKnownFileType = sourcecode.swift; path = NowViewModel.swift; sourceTree = "<group>"; };
		76B6D911AF8339B62A988B99 /* MainTabView.swift */ = {isa = PBXFileReference; lastKnownFileType = sourcecode.swift; path = MainTabView.swift; sourceTree = "<group>"; };
		7C5711FD50AF3ED47B8906EC /* WeighInViewModelTests.swift */ = {isa = PBXFileReference; lastKnownFileType = sourcecode.swift; path = WeighInViewModelTests.swift; sourceTree = "<group>"; };
		7FB8FE60E06088A3CD2FDE17 /* MeasurementType.swift */ = {isa = PBXFileReference; lastKnownFileType = sourcecode.swift; path = MeasurementType.swift; sourceTree = "<group>"; };
		88AF6FD6DF3173BDBDB33E58 /* Baseline.entitlements */ = {isa = PBXFileReference; lastKnownFileType = text.plist.entitlements; path = Baseline.entitlements; sourceTree = "<group>"; };
		90026F3A1D7167909BB75A33 /* DateFormatting.swift */ = {isa = PBXFileReference; lastKnownFileType = sourcecode.swift; path = DateFormatting.swift; sourceTree = "<group>"; };
		917EC6C734FA7FDEF274FFAD /* Baseline.app */ = {isa = PBXFileReference; includeInIndex = 0; lastKnownFileType = wrapper.application; path = Baseline.app; sourceTree = BUILT_PRODUCTS_DIR; };
		9D4F5BD3681AD8577A6A3B0C /* CadreTokens.swift */ = {isa = PBXFileReference; lastKnownFileType = sourcecode.swift; path = CadreTokens.swift; sourceTree = "<group>"; };
		A1F7BB657D83894D1E5B4400 /* SparklineView.swift */ = {isa = PBXFileReference; lastKnownFileType = sourcecode.swift; path = SparklineView.swift; sourceTree = "<group>"; };
		A472F5E582548C05BBD1A751 /* HistoryView.swift */ = {isa = PBXFileReference; lastKnownFileType = sourcecode.swift; path = HistoryView.swift; sourceTree = "<group>"; };
		A6C5F86354C722884254D09A /* BaselineTests.xctest */ = {isa = PBXFileReference; includeInIndex = 0; lastKnownFileType = wrapper.cfbundle; path = BaselineTests.xctest; sourceTree = BUILT_PRODUCTS_DIR; };
		AB289EC0E5CC9756E1B62116 /* UnitConversionTests.swift */ = {isa = PBXFileReference; lastKnownFileType = sourcecode.swift; path = UnitConversionTests.swift; sourceTree = "<group>"; };
		B0811FC6CD17EB2AEBCECB45 /* WeighInViewModel.swift */ = {isa = PBXFileReference; lastKnownFileType = sourcecode.swift; path = WeighInViewModel.swift; sourceTree = "<group>"; };
		B3AFDA887F36DFDC283876B7 /* WeighInSheet.swift */ = {isa = PBXFileReference; lastKnownFileType = sourcecode.swift; path = WeighInSheet.swift; sourceTree = "<group>"; };
		BD1E451642CE7498CD9B9C5F /* WeighInSheetSnapshotTests.swift */ = {isa = PBXFileReference; lastKnownFileType = sourcecode.swift; path = WeighInSheetSnapshotTests.swift; sourceTree = "<group>"; };
		C209CE8946DB31F979041D1A /* NowView.swift */ = {isa = PBXFileReference; lastKnownFileType = sourcecode.swift; path = NowView.swift; sourceTree = "<group>"; };
		CCF4DEE4E18DA610367483F2 /* Info.plist */ = {isa = PBXFileReference; lastKnownFileType = text.plist; path = Info.plist; sourceTree = "<group>"; };
		D02782E48D9542687519EF82 /* HistoryViewModel.swift */ = {isa = PBXFileReference; lastKnownFileType = sourcecode.swift; path = HistoryViewModel.swift; sourceTree = "<group>"; };
		D25FD52DA7EFC4286FE7A191 /* BaselineWidgets.appex */ = {isa = PBXFileReference; includeInIndex = 0; lastKnownFileType = "wrapper.app-extension"; path = BaselineWidgets.appex; sourceTree = BUILT_PRODUCTS_DIR; };
		E9A19626533DA8C2F89573FB /* testWeighInSheet_DarkMode_Default.1.png */ = {isa = PBXFileReference; lastKnownFileType = image.png; path = testWeighInSheet_DarkMode_Default.1.png; sourceTree = "<group>"; };
		F0FDF5DB2E481DF3A8881BD1 /* SyncState.swift */ = {isa = PBXFileReference; lastKnownFileType = sourcecode.swift; path = SyncState.swift; sourceTree = "<group>"; };
		F133F7888A7F42479BC2329D /* WeightEntryTests.swift */ = {isa = PBXFileReference; lastKnownFileType = sourcecode.swift; path = WeightEntryTests.swift; sourceTree = "<group>"; };
/* End PBXFileReference section */

/* Begin PBXFrameworksBuildPhase section */
		922ABBE87B020C2654325C9C /* Frameworks */ = {
			isa = PBXFrameworksBuildPhase;
			buildActionMask = 2147483647;
			files = (
				08579081DC36E8CE4BF75D81 /* SnapshotTesting in Frameworks */,
			);
			runOnlyForDeploymentPostprocessing = 0;
		};
/* End PBXFrameworksBuildPhase section */

/* Begin PBXGroup section */
		04CB1C2ADECD11D671EF18CA /* WeighInSheetSnapshotTests */ = {
			isa = PBXGroup;
			children = (
				E9A19626533DA8C2F89573FB /* testWeighInSheet_DarkMode_Default.1.png */,
			);
			path = WeighInSheetSnapshotTests;
			sourceTree = "<group>";
		};
		13953FB9F1A4A393FC8DA9F1 /* Models */ = {
			isa = PBXGroup;
			children = (
				4EE556EA34222636CEDC327C /* BodyMeasurementTests.swift */,
				F133F7888A7F42479BC2329D /* WeightEntryTests.swift */,
			);
			path = Models;
			sourceTree = "<group>";
		};
		2CB70D452B7A3CC4178E16C5 /* Utilities */ = {
			isa = PBXGroup;
			children = (
				90026F3A1D7167909BB75A33 /* DateFormatting.swift */,
				48CD5547B419BCE4B9D76860 /* DoubleExtensions.swift */,
				5A9525A1638C18453603A9F6 /* UnitConversion.swift */,
			);
			path = Utilities;
			sourceTree = "<group>";
		};
		395E0E8B872B7232D1875563 /* Products */ = {
			isa = PBXGroup;
			children = (
				917EC6C734FA7FDEF274FFAD /* Baseline.app */,
				A6C5F86354C722884254D09A /* BaselineTests.xctest */,
				D25FD52DA7EFC4286FE7A191 /* BaselineWidgets.appex */,
			);
			name = Products;
			sourceTree = "<group>";
		};
		509392B522DBD54B11ECE0AB = {
			isa = PBXGroup;
			children = (
				70A4BA27E4935EDB662F4B7E /* Baseline */,
				DE8E3E194E02B1D31425FA7B /* BaselineTests */,
				73513889587ADC870D4D5521 /* BaselineWidgets */,
				395E0E8B872B7232D1875563 /* Products */,
			);
			sourceTree = "<group>";
		};
		688D592BC4C8D65E6A2C492D /* ViewModels */ = {
			isa = PBXGroup;
			children = (
				D02782E48D9542687519EF82 /* HistoryViewModel.swift */,
				6E0B169BE6D18A1AF3E2C9B2 /* NowViewModel.swift */,
				B0811FC6CD17EB2AEBCECB45 /* WeighInViewModel.swift */,
			);
			path = ViewModels;
			sourceTree = "<group>";
		};
		6FEEB6326D70EDBAB8E26F0B /* History */ = {
			isa = PBXGroup;
			children = (
				A472F5E582548C05BBD1A751 /* HistoryView.swift */,
			);
			path = History;
			sourceTree = "<group>";
		};
		70A4BA27E4935EDB662F4B7E /* Baseline */ = {
			isa = PBXGroup;
			children = (
				DFDC40F7A1EAE9FD24D14E84 /* Design */,
				F39CD542012A303480245EC2 /* Models */,
				2CB70D452B7A3CC4178E16C5 /* Utilities */,
				688D592BC4C8D65E6A2C492D /* ViewModels */,
				7B8B3EF32AE575B51038F2BF /* Views */,
				88AF6FD6DF3173BDBDB33E58 /* Baseline.entitlements */,
				007A5A45919FF650EAB251AE /* BaselineApp.swift */,
				6C0783D23B036F0A996BD1E7 /* Info.plist */,
			);
			path = Baseline;
			sourceTree = "<group>";
		};
		726591C6CB6E676E532B2279 /* Components */ = {
			isa = PBXGroup;
			children = (
				08676595D1E00491EDB74DF5 /* ArcIndicatorView.swift */,
				A1F7BB657D83894D1E5B4400 /* SparklineView.swift */,
			);
			path = Components;
			sourceTree = "<group>";
		};
		73513889587ADC870D4D5521 /* BaselineWidgets */ = {
			isa = PBXGroup;
			children = (
				4CBC035387A8087081A7BDD0 /* BaselineWidgets.swift */,
				CCF4DEE4E18DA610367483F2 /* Info.plist */,
			);
			path = BaselineWidgets;
			sourceTree = "<group>";
		};
		7B8B3EF32AE575B51038F2BF /* Views */ = {
			isa = PBXGroup;
			children = (
				6FEEB6326D70EDBAB8E26F0B /* History */,
				A72BBF88D9EB2C855D92CCC7 /* Navigation */,
				9952D733F8A63A1DC4DB00E1 /* Now */,
			);
			path = Views;
			sourceTree = "<group>";
		};
		82D855C2B7288DB83CCE831F /* NowViewSnapshotTests */ = {
			isa = PBXGroup;
			children = (
				259F301EF2210DEFF2801026 /* testNowView_DarkMode_iPhone13Pro.1.png */,
			);
			path = NowViewSnapshotTests;
			sourceTree = "<group>";
		};
		9952D733F8A63A1DC4DB00E1 /* Now */ = {
			isa = PBXGroup;
			children = (
				C209CE8946DB31F979041D1A /* NowView.swift */,
				B3AFDA887F36DFDC283876B7 /* WeighInSheet.swift */,
			);
			path = Now;
			sourceTree = "<group>";
		};
		A72BBF88D9EB2C855D92CCC7 /* Navigation */ = {
			isa = PBXGroup;
			children = (
				76B6D911AF8339B62A988B99 /* MainTabView.swift */,
			);
			path = Navigation;
			sourceTree = "<group>";
		};
		AAC501A53580829BB4AAF0DE /* __Snapshots__ */ = {
			isa = PBXGroup;
			children = (
				82D855C2B7288DB83CCE831F /* NowViewSnapshotTests */,
				04CB1C2ADECD11D671EF18CA /* WeighInSheetSnapshotTests */,
			);
			path = __Snapshots__;
			sourceTree = "<group>";
		};
		AF8C618D51757D59D684209F /* Snapshots */ = {
			isa = PBXGroup;
			children = (
				AAC501A53580829BB4AAF0DE /* __Snapshots__ */,
				62D00EE3E15355487C97323A /* HistoryViewSnapshotTests.swift */,
				2DD62082CE52C25DD0DC3AA5 /* NowViewSnapshotTests.swift */,
				BD1E451642CE7498CD9B9C5F /* WeighInSheetSnapshotTests.swift */,
			);
			path = Snapshots;
			sourceTree = "<group>";
		};
		B09ED77DC40D61AE5C45E1EE /* Utilities */ = {
			isa = PBXGroup;
			children = (
				AB289EC0E5CC9756E1B62116 /* UnitConversionTests.swift */,
			);
			path = Utilities;
			sourceTree = "<group>";
		};
		B531BC576A10A176A44606EF /* ViewModels */ = {
			isa = PBXGroup;
			children = (
				2B794C4FCDC3253893C365AB /* HistoryViewModelTests.swift */,
				1AF6412F243C441BE0D8164E /* NowViewModelTests.swift */,
				7C5711FD50AF3ED47B8906EC /* WeighInViewModelTests.swift */,
			);
			path = ViewModels;
			sourceTree = "<group>";
		};
		DE8E3E194E02B1D31425FA7B /* BaselineTests */ = {
			isa = PBXGroup;
			children = (
				13953FB9F1A4A393FC8DA9F1 /* Models */,
				AF8C618D51757D59D684209F /* Snapshots */,
				B09ED77DC40D61AE5C45E1EE /* Utilities */,
				B531BC576A10A176A44606EF /* ViewModels */,
				52A47437C87E1BCE8442A2FF /* BaselineTests.swift */,
			);
			path = BaselineTests;
			sourceTree = "<group>";
		};
		DFDC40F7A1EAE9FD24D14E84 /* Design */ = {
			isa = PBXGroup;
			children = (
				726591C6CB6E676E532B2279 /* Components */,
				9D4F5BD3681AD8577A6A3B0C /* CadreTokens.swift */,
			);
			path = Design;
			sourceTree = "<group>";
		};
		F39CD542012A303480245EC2 /* Models */ = {
			isa = PBXGroup;
			children = (
				5461EF15EB4C753A478FEA56 /* BodyMeasurement.swift */,
				571F92A04B53A24504BBC6C2 /* InBodyScan.swift */,
				7FB8FE60E06088A3CD2FDE17 /* MeasurementType.swift */,
				F0FDF5DB2E481DF3A8881BD1 /* SyncState.swift */,
				312ECD390BFC532EC10D9819 /* WeightEntry.swift */,
			);
			path = Models;
			sourceTree = "<group>";
		};
/* End PBXGroup section */

/* Begin PBXNativeTarget section */
		872B718151798DDC9EDF70E0 /* Baseline */ = {
			isa = PBXNativeTarget;
			buildConfigurationList = A07E89BA0FB92F9FCA5264E1 /* Build configuration list for PBXNativeTarget "Baseline" */;
			buildPhases = (
				5BA0779C5FB69F0F3F614743 /* Sources */,
				7AB2F40439486DD0BB00D049 /* Embed Foundation Extensions */,
			);
			buildRules = (
			);
			dependencies = (
				84FFB043F2005B3F7804A986 /* PBXTargetDependency */,
			);
			name = Baseline;
			packageProductDependencies = (
			);
			productName = Baseline;
			productReference = 917EC6C734FA7FDEF274FFAD /* Baseline.app */;
			productType = "com.apple.product-type.application";
		};
		BC3C8FF69C3D1B0398FBF023 /* BaselineTests */ = {
			isa = PBXNativeTarget;
			buildConfigurationList = A1CC952CAAE1CCF552105E41 /* Build configuration list for PBXNativeTarget "BaselineTests" */;
			buildPhases = (
				55E1FE786969A422437C256C /* Sources */,
				BEE4B061E8253B09D9D509AF /* Resources */,
				922ABBE87B020C2654325C9C /* Frameworks */,
			);
			buildRules = (
			);
			dependencies = (
				10DDE390966CEA59CAA055D2 /* PBXTargetDependency */,
			);
			name = BaselineTests;
			packageProductDependencies = (
				F942F12A281ABA96EF8FFA4D /* SnapshotTesting */,
			);
			productName = BaselineTests;
			productReference = A6C5F86354C722884254D09A /* BaselineTests.xctest */;
			productType = "com.apple.product-type.bundle.unit-test";
		};
		C8A5525A8054EE5FFAD88862 /* BaselineWidgets */ = {
			isa = PBXNativeTarget;
			buildConfigurationList = 96A07260151C9AB335B74EDC /* Build configuration list for PBXNativeTarget "BaselineWidgets" */;
			buildPhases = (
				D402E0CEAF7E5F57A5DEBC8A /* Sources */,
			);
			buildRules = (
			);
			dependencies = (
			);
			name = BaselineWidgets;
			packageProductDependencies = (
			);
			productName = BaselineWidgets;
			productReference = D25FD52DA7EFC4286FE7A191 /* BaselineWidgets.appex */;
			productType = "com.apple.product-type.app-extension";
		};
/* End PBXNativeTarget section */

/* Begin PBXProject section */
		ECBDE9C9F1149470E25D1FAC /* Project object */ = {
			isa = PBXProject;
			attributes = {
				BuildIndependentTargetsInParallel = YES;
				LastUpgradeCheck = 1600;
				TargetAttributes = {
				};
			};
			buildConfigurationList = DEC0D2E01D9C2DEEE50E4CE0 /* Build configuration list for PBXProject "Baseline" */;
			developmentRegion = en;
			hasScannedForEncodings = 0;
			knownRegions = (
				Base,
				en,
			);
			mainGroup = 509392B522DBD54B11ECE0AB;
			minimizedProjectReferenceProxies = 1;
			packageReferences = (
				AF99F55B596FC590CE836098 /* XCRemoteSwiftPackageReference "swift-snapshot-testing" */,
			);
			preferredProjectObjectVersion = 77;
			productRefGroup = 395E0E8B872B7232D1875563 /* Products */;
			projectDirPath = "";
			projectRoot = "";
			targets = (
				872B718151798DDC9EDF70E0 /* Baseline */,
				BC3C8FF69C3D1B0398FBF023 /* BaselineTests */,
				C8A5525A8054EE5FFAD88862 /* BaselineWidgets */,
			);
		};
/* End PBXProject section */

/* Begin PBXResourcesBuildPhase section */
		BEE4B061E8253B09D9D509AF /* Resources */ = {
			isa = PBXResourcesBuildPhase;
			buildActionMask = 2147483647;
			files = (
				6AC1FE662BB8374653D0EDD0 /* testNowView_DarkMode_iPhone13Pro.1.png in Resources */,
				BB87D004E462B3E0D529401F /* testWeighInSheet_DarkMode_Default.1.png in Resources */,
			);
			runOnlyForDeploymentPostprocessing = 0;
		};
/* End PBXResourcesBuildPhase section */

/* Begin PBXSourcesBuildPhase section */
		55E1FE786969A422437C256C /* Sources */ = {
			isa = PBXSourcesBuildPhase;
			buildActionMask = 2147483647;
			files = (
				CD47B6562AAE37739E2FADD0 /* BaselineTests.swift in Sources */,
				35E604283BC457FB5A0DE9BC /* BodyMeasurementTests.swift in Sources */,
				03957DDC1AF43AC1371AC80C /* HistoryViewModelTests.swift in Sources */,
				5B654C7068D6D55B1DBB7AC6 /* HistoryViewSnapshotTests.swift in Sources */,
				E3888989405060A77C5CAE6B /* NowViewModelTests.swift in Sources */,
				6D6219BA93D116415510FF64 /* NowViewSnapshotTests.swift in Sources */,
				179A4D608746808CFCE3A729 /* UnitConversionTests.swift in Sources */,
				E33DE75325B986802BA1D6C0 /* WeighInSheetSnapshotTests.swift in Sources */,
				4F5996756FAB95C53E59DEFE /* WeighInViewModelTests.swift in Sources */,
				7F2647C6A3C1B0DE829C5847 /* WeightEntryTests.swift in Sources */,
			);
			runOnlyForDeploymentPostprocessing = 0;
		};
		5BA0779C5FB69F0F3F614743 /* Sources */ = {
			isa = PBXSourcesBuildPhase;
			buildActionMask = 2147483647;
			files = (
				0D82FB85309F585B25DFA19B /* ArcIndicatorView.swift in Sources */,
				14FE980511237871E2644BEE /* BaselineApp.swift in Sources */,
				9190571A252AD986B58681CA /* BodyMeasurement.swift in Sources */,
				AE4F08FFC7E7366D526B7FE5 /* CadreTokens.swift in Sources */,
				7F56CCBB22A690D800512F96 /* DateFormatting.swift in Sources */,
				35C66FEFD87214B6320248ED /* DoubleExtensions.swift in Sources */,
				1420080C176B26B2E12FEE83 /* HistoryView.swift in Sources */,
				50C087ECEBE50B0D8B922A8A /* HistoryViewModel.swift in Sources */,
				CBF3C4E51A74CC2C2F9ABE89 /* InBodyScan.swift in Sources */,
				E204F8619398C13BDEA27DB1 /* MainTabView.swift in Sources */,
				B4B2BCBF2B921FC88D9E902D /* MeasurementType.swift in Sources */,
				25952DDEC892809F909C7E92 /* NowView.swift in Sources */,
				4FEB35F248ED1757BCA0DC3F /* NowViewModel.swift in Sources */,
				905B4B275BC4613C047A33A6 /* SparklineView.swift in Sources */,
				B75C84191E094A7A6442247B /* SyncState.swift in Sources */,
				92B02A5AE4EBA1597947A801 /* UnitConversion.swift in Sources */,
				E9AE862F20C7238325BF97E0 /* WeighInSheet.swift in Sources */,
				D3355A1D414FF7C657BCF5A7 /* WeighInViewModel.swift in Sources */,
				D0394A7C2A7BFFD92369B3B1 /* WeightEntry.swift in Sources */,
			);
			runOnlyForDeploymentPostprocessing = 0;
		};
		D402E0CEAF7E5F57A5DEBC8A /* Sources */ = {
			isa = PBXSourcesBuildPhase;
			buildActionMask = 2147483647;
			files = (
				BDA863FA90D638092A5D0806 /* BaselineWidgets.swift in Sources */,
			);
			runOnlyForDeploymentPostprocessing = 0;
		};
/* End PBXSourcesBuildPhase section */

/* Begin PBXTargetDependency section */
		10DDE390966CEA59CAA055D2 /* PBXTargetDependency */ = {
			isa = PBXTargetDependency;
			target = 872B718151798DDC9EDF70E0 /* Baseline */;
			targetProxy = 1DC2941B536D8272CF40DDD3 /* PBXContainerItemProxy */;
		};
		84FFB043F2005B3F7804A986 /* PBXTargetDependency */ = {
			isa = PBXTargetDependency;
			target = C8A5525A8054EE5FFAD88862 /* BaselineWidgets */;
			targetProxy = 507EA4D7E64B47E426245D40 /* PBXContainerItemProxy */;
		};
/* End PBXTargetDependency section */

/* Begin XCBuildConfiguration section */
		16D90C76B150C2FE031D727A /* Release */ = {
			isa = XCBuildConfiguration;
			buildSettings = {
				GENERATE_INFOPLIST_FILE = NO;
				INFOPLIST_FILE = BaselineWidgets/Info.plist;
				LD_RUNPATH_SEARCH_PATHS = (
					"$(inherited)",
					"@executable_path/Frameworks",
					"@executable_path/../../Frameworks",
				);
				PRODUCT_BUNDLE_IDENTIFIER = com.cadre.baseline.widgets;
				SDKROOT = iphoneos;
				TARGETED_DEVICE_FAMILY = "1,2";
			};
			name = Release;
		};
		2BBAA9D49C9DDD2A9F466D2F /* Debug */ = {
			isa = XCBuildConfiguration;
			buildSettings = {
				GENERATE_INFOPLIST_FILE = NO;
				INFOPLIST_FILE = BaselineWidgets/Info.plist;
				LD_RUNPATH_SEARCH_PATHS = (
					"$(inherited)",
					"@executable_path/Frameworks",
					"@executable_path/../../Frameworks",
				);
				PRODUCT_BUNDLE_IDENTIFIER = com.cadre.baseline.widgets;
				SDKROOT = iphoneos;
				TARGETED_DEVICE_FAMILY = "1,2";
			};
			name = Debug;
		};
		5D202872A2F5230BEE7BC395 /* Release */ = {
			isa = XCBuildConfiguration;
			buildSettings = {
				BUNDLE_LOADER = "$(TEST_HOST)";
				GENERATE_INFOPLIST_FILE = YES;
				LD_RUNPATH_SEARCH_PATHS = (
					"$(inherited)",
					"@executable_path/Frameworks",
					"@loader_path/Frameworks",
				);
				PRODUCT_BUNDLE_IDENTIFIER = com.cadre.BaselineTests;
				SDKROOT = iphoneos;
				TARGETED_DEVICE_FAMILY = "1,2";
				TEST_HOST = "$(BUILT_PRODUCTS_DIR)/Baseline.app/Baseline";
			};
			name = Release;
		};
		8C153D89A7CD276FAEBDCA10 /* Release */ = {
			isa = XCBuildConfiguration;
			buildSettings = {
				ALWAYS_SEARCH_USER_PATHS = NO;
				CLANG_ANALYZER_NONNULL = YES;
				CLANG_ANALYZER_NUMBER_OBJECT_CONVERSION = YES_AGGRESSIVE;
				CLANG_CXX_LANGUAGE_STANDARD = "gnu++14";
				CLANG_CXX_LIBRARY = "libc++";
				CLANG_ENABLE_MODULES = YES;
				CLANG_ENABLE_OBJC_ARC = YES;
				CLANG_ENABLE_OBJC_WEAK = YES;
				CLANG_WARN_BLOCK_CAPTURE_AUTORELEASING = YES;
				CLANG_WARN_BOOL_CONVERSION = YES;
				CLANG_WARN_COMMA = YES;
				CLANG_WARN_CONSTANT_CONVERSION = YES;
				CLANG_WARN_DEPRECATED_OBJC_IMPLEMENTATIONS = YES;
				CLANG_WARN_DIRECT_OBJC_ISA_USAGE = YES_ERROR;
				CLANG_WARN_DOCUMENTATION_COMMENTS = YES;
				CLANG_WARN_EMPTY_BODY = YES;
				CLANG_WARN_ENUM_CONVERSION = YES;
				CLANG_WARN_INFINITE_RECURSION = YES;
				CLANG_WARN_INT_CONVERSION = YES;
				CLANG_WARN_NON_LITERAL_NULL_CONVERSION = YES;
				CLANG_WARN_OBJC_IMPLICIT_RETAIN_SELF = YES;
				CLANG_WARN_OBJC_LITERAL_CONVERSION = YES;
				CLANG_WARN_OBJC_ROOT_CLASS = YES_ERROR;
				CLANG_WARN_QUOTED_INCLUDE_IN_FRAMEWORK_HEADER = YES;
				CLANG_WARN_RANGE_LOOP_ANALYSIS = YES;
				CLANG_WARN_STRICT_PROTOTYPES = YES;
				CLANG_WARN_SUSPICIOUS_MOVE = YES;
				CLANG_WARN_UNGUARDED_AVAILABILITY = YES_AGGRESSIVE;
				CLANG_WARN_UNREACHABLE_CODE = YES;
				CLANG_WARN__DUPLICATE_METHOD_MATCH = YES;
				COPY_PHASE_STRIP = NO;
				CURRENT_PROJECT_VERSION = 1;
				DEBUG_INFORMATION_FORMAT = "dwarf-with-dsym";
				ENABLE_NS_ASSERTIONS = NO;
				ENABLE_STRICT_OBJC_MSGSEND = YES;
				GCC_C_LANGUAGE_STANDARD = gnu11;
				GCC_NO_COMMON_BLOCKS = YES;
				GCC_WARN_64_TO_32_BIT_CONVERSION = YES;
				GCC_WARN_ABOUT_RETURN_TYPE = YES_ERROR;
				GCC_WARN_UNDECLARED_SELECTOR = YES;
				GCC_WARN_UNINITIALIZED_AUTOS = YES_AGGRESSIVE;
				GCC_WARN_UNUSED_FUNCTION = YES;
				GCC_WARN_UNUSED_VARIABLE = YES;
				IPHONEOS_DEPLOYMENT_TARGET = 17.0;
				MARKETING_VERSION = 1.0.0;
				MTL_ENABLE_DEBUG_INFO = NO;
				MTL_FAST_MATH = YES;
				PRODUCT_NAME = "$(TARGET_NAME)";
				SDKROOT = iphoneos;
				SWIFT_COMPILATION_MODE = wholemodule;
				SWIFT_OPTIMIZATION_LEVEL = "-O";
				SWIFT_VERSION = 5.9;
			};
			name = Release;
		};
		909FD697C2B7389DD78BC8EF /* Debug */ = {
			isa = XCBuildConfiguration;
			buildSettings = {
				ALWAYS_SEARCH_USER_PATHS = NO;
				CLANG_ANALYZER_NONNULL = YES;
				CLANG_ANALYZER_NUMBER_OBJECT_CONVERSION = YES_AGGRESSIVE;
				CLANG_CXX_LANGUAGE_STANDARD = "gnu++14";
				CLANG_CXX_LIBRARY = "libc++";
				CLANG_ENABLE_MODULES = YES;
				CLANG_ENABLE_OBJC_ARC = YES;
				CLANG_ENABLE_OBJC_WEAK = YES;
				CLANG_WARN_BLOCK_CAPTURE_AUTORELEASING = YES;
				CLANG_WARN_BOOL_CONVERSION = YES;
				CLANG_WARN_COMMA = YES;
				CLANG_WARN_CONSTANT_CONVERSION = YES;
				CLANG_WARN_DEPRECATED_OBJC_IMPLEMENTATIONS = YES;
				CLANG_WARN_DIRECT_OBJC_ISA_USAGE = YES_ERROR;
				CLANG_WARN_DOCUMENTATION_COMMENTS = YES;
				CLANG_WARN_EMPTY_BODY = YES;
				CLANG_WARN_ENUM_CONVERSION = YES;
				CLANG_WARN_INFINITE_RECURSION = YES;
				CLANG_WARN_INT_CONVERSION = YES;
				CLANG_WARN_NON_LITERAL_NULL_CONVERSION = YES;
				CLANG_WARN_OBJC_IMPLICIT_RETAIN_SELF = YES;
				CLANG_WARN_OBJC_LITERAL_CONVERSION = YES;
				CLANG_WARN_OBJC_ROOT_CLASS = YES_ERROR;
				CLANG_WARN_QUOTED_INCLUDE_IN_FRAMEWORK_HEADER = YES;
				CLANG_WARN_RANGE_LOOP_ANALYSIS = YES;
				CLANG_WARN_STRICT_PROTOTYPES = YES;
				CLANG_WARN_SUSPICIOUS_MOVE = YES;
				CLANG_WARN_UNGUARDED_AVAILABILITY = YES_AGGRESSIVE;
				CLANG_WARN_UNREACHABLE_CODE = YES;
				CLANG_WARN__DUPLICATE_METHOD_MATCH = YES;
				COPY_PHASE_STRIP = NO;
				CURRENT_PROJECT_VERSION = 1;
				DEBUG_INFORMATION_FORMAT = dwarf;
				ENABLE_STRICT_OBJC_MSGSEND = YES;
				ENABLE_TESTABILITY = YES;
				GCC_C_LANGUAGE_STANDARD = gnu11;
				GCC_DYNAMIC_NO_PIC = NO;
				GCC_NO_COMMON_BLOCKS = YES;
				GCC_OPTIMIZATION_LEVEL = 0;
				GCC_PREPROCESSOR_DEFINITIONS = (
					"$(inherited)",
					"DEBUG=1",
				);
				GCC_WARN_64_TO_32_BIT_CONVERSION = YES;
				GCC_WARN_ABOUT_RETURN_TYPE = YES_ERROR;
				GCC_WARN_UNDECLARED_SELECTOR = YES;
				GCC_WARN_UNINITIALIZED_AUTOS = YES_AGGRESSIVE;
				GCC_WARN_UNUSED_FUNCTION = YES;
				GCC_WARN_UNUSED_VARIABLE = YES;
				IPHONEOS_DEPLOYMENT_TARGET = 17.0;
				MARKETING_VERSION = 1.0.0;
				MTL_ENABLE_DEBUG_INFO = INCLUDE_SOURCE;
				MTL_FAST_MATH = YES;
				ONLY_ACTIVE_ARCH = YES;
				PRODUCT_NAME = "$(TARGET_NAME)";
				SDKROOT = iphoneos;
				SWIFT_ACTIVE_COMPILATION_CONDITIONS = DEBUG;
				SWIFT_OPTIMIZATION_LEVEL = "-Onone";
				SWIFT_VERSION = 5.9;
			};
			name = Debug;
		};
		BBFD8E1C8FEDAE11685A6B2F /* Debug */ = {
			isa = XCBuildConfiguration;
			buildSettings = {
				BUNDLE_LOADER = "$(TEST_HOST)";
				GENERATE_INFOPLIST_FILE = YES;
				LD_RUNPATH_SEARCH_PATHS = (
					"$(inherited)",
					"@executable_path/Frameworks",
					"@loader_path/Frameworks",
				);
				PRODUCT_BUNDLE_IDENTIFIER = com.cadre.BaselineTests;
				SDKROOT = iphoneos;
				TARGETED_DEVICE_FAMILY = "1,2";
				TEST_HOST = "$(BUILT_PRODUCTS_DIR)/Baseline.app/Baseline";
			};
			name = Debug;
		};
		CF0526DD635D64A7B1C119FF /* Debug */ = {
			isa = XCBuildConfiguration;
			buildSettings = {
				ASSETCATALOG_COMPILER_APPICON_NAME = AppIcon;
				CODE_SIGN_ENTITLEMENTS = Baseline/Baseline.entitlements;
				CODE_SIGN_IDENTITY = "iPhone Developer";
				INFOPLIST_FILE = Baseline/Info.plist;
				LD_RUNPATH_SEARCH_PATHS = (
					"$(inherited)",
					"@executable_path/Frameworks",
				);
				PRODUCT_BUNDLE_IDENTIFIER = com.cadre.baseline;
				SDKROOT = iphoneos;
				TARGETED_DEVICE_FAMILY = "1,2";
			};
			name = Debug;
		};
		F68E3464978FB1C061F8D589 /* Release */ = {
			isa = XCBuildConfiguration;
			buildSettings = {
				ASSETCATALOG_COMPILER_APPICON_NAME = AppIcon;
				CODE_SIGN_ENTITLEMENTS = Baseline/Baseline.entitlements;
				CODE_SIGN_IDENTITY = "iPhone Developer";
				INFOPLIST_FILE = Baseline/Info.plist;
				LD_RUNPATH_SEARCH_PATHS = (
					"$(inherited)",
					"@executable_path/Frameworks",
				);
				PRODUCT_BUNDLE_IDENTIFIER = com.cadre.baseline;
				SDKROOT = iphoneos;
				TARGETED_DEVICE_FAMILY = "1,2";
			};
			name = Release;
		};
/* End XCBuildConfiguration section */

/* Begin XCConfigurationList section */
		96A07260151C9AB335B74EDC /* Build configuration list for PBXNativeTarget "BaselineWidgets" */ = {
			isa = XCConfigurationList;
			buildConfigurations = (
				2BBAA9D49C9DDD2A9F466D2F /* Debug */,
				16D90C76B150C2FE031D727A /* Release */,
			);
			defaultConfigurationIsVisible = 0;
			defaultConfigurationName = Debug;
		};
		A07E89BA0FB92F9FCA5264E1 /* Build configuration list for PBXNativeTarget "Baseline" */ = {
			isa = XCConfigurationList;
			buildConfigurations = (
				CF0526DD635D64A7B1C119FF /* Debug */,
				F68E3464978FB1C061F8D589 /* Release */,
			);
			defaultConfigurationIsVisible = 0;
			defaultConfigurationName = Debug;
		};
		A1CC952CAAE1CCF552105E41 /* Build configuration list for PBXNativeTarget "BaselineTests" */ = {
			isa = XCConfigurationList;
			buildConfigurations = (
				BBFD8E1C8FEDAE11685A6B2F /* Debug */,
				5D202872A2F5230BEE7BC395 /* Release */,
			);
			defaultConfigurationIsVisible = 0;
			defaultConfigurationName = Debug;
		};
		DEC0D2E01D9C2DEEE50E4CE0 /* Build configuration list for PBXProject "Baseline" */ = {
			isa = XCConfigurationList;
			buildConfigurations = (
				909FD697C2B7389DD78BC8EF /* Debug */,
				8C153D89A7CD276FAEBDCA10 /* Release */,
			);
			defaultConfigurationIsVisible = 0;
			defaultConfigurationName = Debug;
		};
/* End XCConfigurationList section */

/* Begin XCRemoteSwiftPackageReference section */
		AF99F55B596FC590CE836098 /* XCRemoteSwiftPackageReference "swift-snapshot-testing" */ = {
			isa = XCRemoteSwiftPackageReference;
			repositoryURL = "https://github.com/pointfreeco/swift-snapshot-testing";
			requirement = {
				kind = upToNextMajorVersion;
				minimumVersion = 1.17.0;
			};
		};
/* End XCRemoteSwiftPackageReference section */

/* Begin XCSwiftPackageProductDependency section */
		F942F12A281ABA96EF8FFA4D /* SnapshotTesting */ = {
			isa = XCSwiftPackageProductDependency;
			package = AF99F55B596FC590CE836098 /* XCRemoteSwiftPackageReference "swift-snapshot-testing" */;
			productName = SnapshotTesting;
		};
/* End XCSwiftPackageProductDependency section */
	};
	rootObject = ECBDE9C9F1149470E25D1FAC /* Project object */;
}
